
Microsoft Visual Studio Solution File, Format Version 12.00
Project("{FAE04EC0-301F-11D3-BF4B-00C04F79EFBC}") = "Producer", "Producer\Producer.csproj", "{E5C44B20-3905-40EA-B943-F80AB834ACE9}"
EndProject
Project("{FAE04EC0-301F-11D3-BF4B-00C04F79EFBC}") = "Consumer", "Consumer\Consumer.csproj", "{861C1071-9A6F-4FC4-8BB0-B23774A23A1C}"
EndProject
Global
	GlobalSection(SolutionConfigurationPlatforms) = preSolution
		Debug|Any CPU = Debug|Any CPU
		Release|Any CPU = Release|Any CPU
	EndGlobalSection
	GlobalSection(ProjectConfigurationPlatforms) = postSolution
		{E5C44B20-3905-40EA-B943-F80AB834ACE9}.Debug|Any CPU.ActiveCfg = Debug|Any CPU
		{E5C44B20-3905-40EA-B943-F80AB834ACE9}.Debug|Any CPU.Build.0 = Debug|Any CPU
		{E5C44B20-3905-40EA-B943-F80AB834ACE9}.Release|Any CPU.ActiveCfg = Release|Any CPU
		{E5C44B20-3905-40EA-B943-F80AB834ACE9}.Release|Any CPU.Build.0 = Release|Any CPU
		{861C1071-9A6F-4FC4-8BB0-B23774A23A1C}.Debug|Any CPU.ActiveCfg = Debug|Any CPU
		{861C1071-9A6F-4FC4-8BB0-B23774A23A1C}.Debug|Any CPU.Build.0 = Debug|Any CPU
		{861C1071-9A6F-4FC4-8BB0-B23774A23A1C}.Release|Any CPU.ActiveCfg = Release|Any CPU
		{861C1071-9A6F-4FC4-8BB0-B23774A23A1C}.Release|Any CPU.Build.0 = Release|Any CPU
	EndGlobalSection
EndGlobal
