
Microsoft Visual Studio Solution File, Format Version 12.00
# Visual Studio Version 17
VisualStudioVersion = 17.0.31903.59
MinimumVisualStudioVersion = 10.0.40219.1
Project("{2150E333-8FDC-42A3-9474-1A3956D46DE8}") = "src", "src", "{B0DC51B7-4B99-484E-BB0F-61BB2C46D9D0}"
EndProject
Project("{FAE04EC0-301F-11D3-BF4B-00C04F79EFBC}") = "IdentityServer", "src\IdentityServer\IdentityServer.csproj", "{06AA56AD-9A9C-4D4E-AD0E-1C215ADE507C}"
EndProject
Project("{FAE04EC0-301F-11D3-BF4B-00C04F79EFBC}") = "Api", "src\Api\Api.csproj", "{CF86DAB1-4016-4A6D-B9CE-E158A8B30336}"
EndProject
Project("{FAE04EC0-301F-11D3-BF4B-00C04F79EFBC}") = "Client", "src\Client\Client.csproj", "{18C88C77-D540-4E07-B60B-F9719B8C4F0B}"
EndProject
Project("{FAE04EC0-301F-11D3-BF4B-00C04F79EFBC}") = "WebClient", "src\WebClient\WebClient.csproj", "{EF8A5A18-4DDA-48A2-B21D-743E44FC7C14}"
EndProject
Global
	GlobalSection(SolutionConfigurationPlatforms) = preSolution
		Debug|Any CPU = Debug|Any CPU
		Release|Any CPU = Release|Any CPU
	EndGlobalSection
	GlobalSection(SolutionProperties) = preSolution
		HideSolutionNode = FALSE
	EndGlobalSection
	GlobalSection(ProjectConfigurationPlatforms) = postSolution
		{06AA56AD-9A9C-4D4E-AD0E-1C215ADE507C}.Debug|Any CPU.ActiveCfg = Debug|Any CPU
		{06AA56AD-9A9C-4D4E-AD0E-1C215ADE507C}.Debug|Any CPU.Build.0 = Debug|Any CPU
		{06AA56AD-9A9C-4D4E-AD0E-1C215ADE507C}.Release|Any CPU.ActiveCfg = Release|Any CPU
		{06AA56AD-9A9C-4D4E-AD0E-1C215ADE507C}.Release|Any CPU.Build.0 = Release|Any CPU
		{CF86DAB1-4016-4A6D-B9CE-E158A8B30336}.Debug|Any CPU.ActiveCfg = Debug|Any CPU
		{CF86DAB1-4016-4A6D-B9CE-E158A8B30336}.Debug|Any CPU.Build.0 = Debug|Any CPU
		{CF86DAB1-4016-4A6D-B9CE-E158A8B30336}.Release|Any CPU.ActiveCfg = Release|Any CPU
		{CF86DAB1-4016-4A6D-B9CE-E158A8B30336}.Release|Any CPU.Build.0 = Release|Any CPU
		{18C88C77-D540-4E07-B60B-F9719B8C4F0B}.Debug|Any CPU.ActiveCfg = Debug|Any CPU
		{18C88C77-D540-4E07-B60B-F9719B8C4F0B}.Debug|Any CPU.Build.0 = Debug|Any CPU
		{18C88C77-D540-4E07-B60B-F9719B8C4F0B}.Release|Any CPU.ActiveCfg = Release|Any CPU
		{18C88C77-D540-4E07-B60B-F9719B8C4F0B}.Release|Any CPU.Build.0 = Release|Any CPU
		{EF8A5A18-4DDA-48A2-B21D-743E44FC7C14}.Debug|Any CPU.ActiveCfg = Debug|Any CPU
		{EF8A5A18-4DDA-48A2-B21D-743E44FC7C14}.Debug|Any CPU.Build.0 = Debug|Any CPU
		{EF8A5A18-4DDA-48A2-B21D-743E44FC7C14}.Release|Any CPU.ActiveCfg = Release|Any CPU
		{EF8A5A18-4DDA-48A2-B21D-743E44FC7C14}.Release|Any CPU.Build.0 = Release|Any CPU
	EndGlobalSection
	GlobalSection(NestedProjects) = preSolution
		{06AA56AD-9A9C-4D4E-AD0E-1C215ADE507C} = {B0DC51B7-4B99-484E-BB0F-61BB2C46D9D0}
		{CF86DAB1-4016-4A6D-B9CE-E158A8B30336} = {B0DC51B7-4B99-484E-BB0F-61BB2C46D9D0}
		{18C88C77-D540-4E07-B60B-F9719B8C4F0B} = {B0DC51B7-4B99-484E-BB0F-61BB2C46D9D0}
		{EF8A5A18-4DDA-48A2-B21D-743E44FC7C14} = {B0DC51B7-4B99-484E-BB0F-61BB2C46D9D0}
	EndGlobalSection
EndGlobal
